
Microsoft Visual Studio Solution File, Format Version 12.00
# Visual Studio Version 17
VisualStudioVersion = 17.5.002.0
MinimumVisualStudioVersion = 10.0.40219.1
Project("{9A19103F-16F7-4668-BE54-9A1E7A4F7556}") = "Cine", "Cine\Cine.csproj", "{99115137-5580-41DE-9390-D8C44F855F8B}"
EndProject
Global
	GlobalSection(SolutionConfigurationPlatforms) = preSolution
		Debug|Any CPU = Debug|Any CPU
		Release|Any CPU = Release|Any CPU
	EndGlobalSection
	GlobalSection(ProjectConfigurationPlatforms) = postSolution
		{99115137-5580-41DE-9390-D8C44F855F8B}.Debug|Any CPU.ActiveCfg = Debug|Any CPU
		{99115137-5580-41DE-9390-D8C44F855F8B}.Debug|Any CPU.Build.0 = Debug|Any CPU
		{99115137-5580-41DE-9390-D8C44F855F8B}.Release|Any CPU.ActiveCfg = Release|Any CPU
		{99115137-5580-41DE-9390-D8C44F855F8B}.Release|Any CPU.Build.0 = Release|Any CPU
	EndGlobalSection
	GlobalSection(SolutionProperties) = preSolution
		HideSolutionNode = FALSE
	EndGlobalSection
	GlobalSection(ExtensibilityGlobals) = postSolution
		SolutionGuid = {9A16D9DB-630B-46D7-BA60-62C1070A209F}
	EndGlobalSection
EndGlobal
